
Microsoft Visual Studio Solution File, Format Version 12.00
# Visual Studio 15
VisualStudioVersion = 15.0.26124.0
MinimumVisualStudioVersion = 15.0.26124.0
Project("{2150E333-8FDC-42A3-9474-1A3956D46DE8}") = "src", "src", "{8A70259C-DC88-4352-8AFA-B3FDFEC99956}"
EndProject
Project("{FAE04EC0-301F-11D3-BF4B-00C04F79EFBC}") = "GradeBook", "src\GradeBook\GradeBook.csproj", "{B8D5A06C-64C2-45EA-A18F-375DB5E70DBB}"
EndProject
Project("{2150E333-8FDC-42A3-9474-1A3956D46DE8}") = "test", "test", "{CE92CCD3-BD0D-492E-A4CE-74A9AFAB0480}"
EndProject
Project("{FAE04EC0-301F-11D3-BF4B-00C04F79EFBC}") = "GradeBook.Tests", "test\GradeBook.Tests\GradeBook.Tests.csproj", "{AD67B9F3-CEE5-47A2-95BD-2EB4E66E3543}"
EndProject
Global
	GlobalSection(SolutionConfigurationPlatforms) = preSolution
		Debug|Any CPU = Debug|Any CPU
		Debug|x64 = Debug|x64
		Debug|x86 = Debug|x86
		Release|Any CPU = Release|Any CPU
		Release|x64 = Release|x64
		Release|x86 = Release|x86
	EndGlobalSection
	GlobalSection(SolutionProperties) = preSolution
		HideSolutionNode = FALSE
	EndGlobalSection
	GlobalSection(ProjectConfigurationPlatforms) = postSolution
		{B8D5A06C-64C2-45EA-A18F-375DB5E70DBB}.Debug|Any CPU.ActiveCfg = Debug|Any CPU
		{B8D5A06C-64C2-45EA-A18F-375DB5E70DBB}.Debug|Any CPU.Build.0 = Debug|Any CPU
		{B8D5A06C-64C2-45EA-A18F-375DB5E70DBB}.Debug|x64.ActiveCfg = Debug|Any CPU
		{B8D5A06C-64C2-45EA-A18F-375DB5E70DBB}.Debug|x64.Build.0 = Debug|Any CPU
		{B8D5A06C-64C2-45EA-A18F-375DB5E70DBB}.Debug|x86.ActiveCfg = Debug|Any CPU
		{B8D5A06C-64C2-45EA-A18F-375DB5E70DBB}.Debug|x86.Build.0 = Debug|Any CPU
		{B8D5A06C-64C2-45EA-A18F-375DB5E70DBB}.Release|Any CPU.ActiveCfg = Release|Any CPU
		{B8D5A06C-64C2-45EA-A18F-375DB5E70DBB}.Release|Any CPU.Build.0 = Release|Any CPU
		{B8D5A06C-64C2-45EA-A18F-375DB5E70DBB}.Release|x64.ActiveCfg = Release|Any CPU
		{B8D5A06C-64C2-45EA-A18F-375DB5E70DBB}.Release|x64.Build.0 = Release|Any CPU
		{B8D5A06C-64C2-45EA-A18F-375DB5E70DBB}.Release|x86.ActiveCfg = Release|Any CPU
		{B8D5A06C-64C2-45EA-A18F-375DB5E70DBB}.Release|x86.Build.0 = Release|Any CPU
		{AD67B9F3-CEE5-47A2-95BD-2EB4E66E3543}.Debug|Any CPU.ActiveCfg = Debug|Any CPU
		{AD67B9F3-CEE5-47A2-95BD-2EB4E66E3543}.Debug|Any CPU.Build.0 = Debug|Any CPU
		{AD67B9F3-CEE5-47A2-95BD-2EB4E66E3543}.Debug|x64.ActiveCfg = Debug|Any CPU
		{AD67B9F3-CEE5-47A2-95BD-2EB4E66E3543}.Debug|x64.Build.0 = Debug|Any CPU
		{AD67B9F3-CEE5-47A2-95BD-2EB4E66E3543}.Debug|x86.ActiveCfg = Debug|Any CPU
		{AD67B9F3-CEE5-47A2-95BD-2EB4E66E3543}.Debug|x86.Build.0 = Debug|Any CPU
		{AD67B9F3-CEE5-47A2-95BD-2EB4E66E3543}.Release|Any CPU.ActiveCfg = Release|Any CPU
		{AD67B9F3-CEE5-47A2-95BD-2EB4E66E3543}.Release|Any CPU.Build.0 = Release|Any CPU
		{AD67B9F3-CEE5-47A2-95BD-2EB4E66E3543}.Release|x64.ActiveCfg = Release|Any CPU
		{AD67B9F3-CEE5-47A2-95BD-2EB4E66E3543}.Release|x64.Build.0 = Release|Any CPU
		{AD67B9F3-CEE5-47A2-95BD-2EB4E66E3543}.Release|x86.ActiveCfg = Release|Any CPU
		{AD67B9F3-CEE5-47A2-95BD-2EB4E66E3543}.Release|x86.Build.0 = Release|Any CPU
	EndGlobalSection
	GlobalSection(NestedProjects) = preSolution
		{B8D5A06C-64C2-45EA-A18F-375DB5E70DBB} = {8A70259C-DC88-4352-8AFA-B3FDFEC99956}
		{AD67B9F3-CEE5-47A2-95BD-2EB4E66E3543} = {CE92CCD3-BD0D-492E-A4CE-74A9AFAB0480}
	EndGlobalSection
EndGlobal
